
Microsoft Visual Studio Solution File, Format Version 12.00
# Visual Studio Version 16
VisualStudioVersion = 16.0.32126.315
MinimumVisualStudioVersion = 10.0.40219.1
Project("{9A19103F-16F7-4668-BE54-9A1E7A4F7556}") = "Shop.Admin", "Shop.Admin\Shop.Admin.csproj", "{840B56C1-189C-4069-A7B5-3462EA227CF1}"
EndProject
Project("{9A19103F-16F7-4668-BE54-9A1E7A4F7556}") = "Shop.Web", "Shop.Web\Shop.Web.csproj", "{57AA8FFD-2A67-4BC2-8B23-0D1047FD6840}"
EndProject
Project("{9A19103F-16F7-4668-BE54-9A1E7A4F7556}") = "Shop.Api", "Shop.Api\Shop.Api.csproj", "{2843229E-D78E-4E27-B19E-DC339CBBECD0}"
EndProject
Project("{9A19103F-16F7-4668-BE54-9A1E7A4F7556}") = "Shop.Logic", "Shop.Logic\Shop.Logic.csproj", "{A41786B5-5755-42F4-8088-1B192EFEE52A}"
EndProject
Project("{9A19103F-16F7-4668-BE54-9A1E7A4F7556}") = "Shop.DataModels", "Shop.DataModels\Shop.DataModels.csproj", "{745DF09E-0AC3-4CD2-83E8-9BC179FC240E}"
EndProject
Global
	GlobalSection(SolutionConfigurationPlatforms) = preSolution
		Debug|Any CPU = Debug|Any CPU
		Release|Any CPU = Release|Any CPU
	EndGlobalSection
	GlobalSection(ProjectConfigurationPlatforms) = postSolution
		{840B56C1-189C-4069-A7B5-3462EA227CF1}.Debug|Any CPU.ActiveCfg = Debug|Any CPU
		{840B56C1-189C-4069-A7B5-3462EA227CF1}.Debug|Any CPU.Build.0 = Debug|Any CPU
		{840B56C1-189C-4069-A7B5-3462EA227CF1}.Release|Any CPU.ActiveCfg = Release|Any CPU
		{840B56C1-189C-4069-A7B5-3462EA227CF1}.Release|Any CPU.Build.0 = Release|Any CPU
		{57AA8FFD-2A67-4BC2-8B23-0D1047FD6840}.Debug|Any CPU.ActiveCfg = Debug|Any CPU
		{57AA8FFD-2A67-4BC2-8B23-0D1047FD6840}.Debug|Any CPU.Build.0 = Debug|Any CPU
		{57AA8FFD-2A67-4BC2-8B23-0D1047FD6840}.Release|Any CPU.ActiveCfg = Release|Any CPU
		{57AA8FFD-2A67-4BC2-8B23-0D1047FD6840}.Release|Any CPU.Build.0 = Release|Any CPU
		{2843229E-D78E-4E27-B19E-DC339CBBECD0}.Debug|Any CPU.ActiveCfg = Debug|Any CPU
		{2843229E-D78E-4E27-B19E-DC339CBBECD0}.Debug|Any CPU.Build.0 = Debug|Any CPU
		{2843229E-D78E-4E27-B19E-DC339CBBECD0}.Release|Any CPU.ActiveCfg = Release|Any CPU
		{2843229E-D78E-4E27-B19E-DC339CBBECD0}.Release|Any CPU.Build.0 = Release|Any CPU
		{A41786B5-5755-42F4-8088-1B192EFEE52A}.Debug|Any CPU.ActiveCfg = Debug|Any CPU
		{A41786B5-5755-42F4-8088-1B192EFEE52A}.Debug|Any CPU.Build.0 = Debug|Any CPU
		{A41786B5-5755-42F4-8088-1B192EFEE52A}.Release|Any CPU.ActiveCfg = Release|Any CPU
		{A41786B5-5755-42F4-8088-1B192EFEE52A}.Release|Any CPU.Build.0 = Release|Any CPU
		{745DF09E-0AC3-4CD2-83E8-9BC179FC240E}.Debug|Any CPU.ActiveCfg = Debug|Any CPU
		{745DF09E-0AC3-4CD2-83E8-9BC179FC240E}.Debug|Any CPU.Build.0 = Debug|Any CPU
		{745DF09E-0AC3-4CD2-83E8-9BC179FC240E}.Release|Any CPU.ActiveCfg = Release|Any CPU
		{745DF09E-0AC3-4CD2-83E8-9BC179FC240E}.Release|Any CPU.Build.0 = Release|Any CPU
	EndGlobalSection
	GlobalSection(SolutionProperties) = preSolution
		HideSolutionNode = FALSE
	EndGlobalSection
	GlobalSection(ExtensibilityGlobals) = postSolution
		SolutionGuid = {CED299DA-7460-45EB-813D-9D1D6F9BCD3D}
	EndGlobalSection
EndGlobal
